Microsoft Visual Studio Solution File, Format Version 12.00
# Visual Studio Version 16
VisualStudioVersion = 16.0.30128.74
MinimumVisualStudioVersion = 10.0.40219.1
Project("{9A19103F-16F7-4668-BE54-9A1E7A4F7556}") = "AssetBuilder", "AssetBuilder\AssetBuilder.csproj", "{87136539-BC88-4C69-A2BE-B43846354F60}"
EndProject
Project("{FAE04EC0-301F-11D3-BF4B-00C04F79EFBC}") = "AssetBuilder.Mac", "AssetBuilder.Mac\AssetBuilder.Mac.csproj", "{99177F95-E77F-4DE7-97B4-946A8889D1B8}"
EndProject
Project("{9A19103F-16F7-4668-BE54-9A1E7A4F7556}") = "P42.Utils", "P42.Utils\P42.Utils\P42.Utils.csproj", "{7C117F7E-965B-418C-B465-FFC1D288E35C}"
EndProject
Project("{FAE04EC0-301F-11D3-BF4B-00C04F79EFBC}") = "P42.Utils.iOS", "P42.Utils\P42.Utils.iOS\P42.Utils.iOS.csproj", "{530E21BA-A725-4714-8678-74CCA5CDBB38}"
EndProject
Project("{9A19103F-16F7-4668-BE54-9A1E7A4F7556}") = "AndroidVector", "AndroidVector\AndroidVector.csproj", "{B416F6C7-3BB6-46B9-8693-1A6BE31CBB13}"
EndProject
Project("{9A19103F-16F7-4668-BE54-9A1E7A4F7556}") = "Svg2AndroidVector", "Svg2AndroidVector\Svg2AndroidVector.csproj", "{3CAF1812-07A4-4958-A3A3-04C3FBCCB330}"
EndProject
Project("{9A19103F-16F7-4668-BE54-9A1E7A4F7556}") = "PdfSharpCore", "PdfSharpCore\PdfSharpCore\PdfSharpCore.csproj", "{763E0B79-BC83-4491-A69B-66126F574685}"
EndProject
Project("{9A19103F-16F7-4668-BE54-9A1E7A4F7556}") = "SixLabors.Fonts", "PdfSharpCore\SixLabors\Fonts\src\SixLabors.Fonts\SixLabors.Fonts.csproj", "{F6449184-CB8E-4178-96E7-EFB3B183712D}"
EndProject
Project("{9A19103F-16F7-4668-BE54-9A1E7A4F7556}") = "SixLabors.Core", "PdfSharpCore\SixLabors\Core\src\SixLabors.Core\SixLabors.Core.csproj", "{9A4C3AC5-C672-422C-85EA-6F4DD26B891D}"
EndProject
Project("{2150E333-8FDC-42A3-9474-1A3956D46DE8}") = "PdfSharpCore", "PdfSharpCore", "{2FE7B53C-7BB7-4ABC-8070-3EB9C5B63F26}"
EndProject
Project("{9A19103F-16F7-4668-BE54-9A1E7A4F7556}") = "ImageSharp", "PdfSharpCore\SixLabors\ImageSharp\src\ImageSharp\ImageSharp.csproj", "{C8E89B69-9154-4ED1-9BD3-F55D028735AD}"
EndProject
Project("{FAE04EC0-301F-11D3-BF4B-00C04F79EFBC}") = "AssetBuilder.UWP", "AssetBuilder.UWP\AssetBuilder.UWP.csproj", "{0CB89A34-A2BE-42D8-B4BA-A882A20638ED}"
EndProject
Project("{FAE04EC0-301F-11D3-BF4B-00C04F79EFBC}") = "P42.Utils.UWP", "P42.Utils\P42.Utils.UWP\P42.Utils.UWP.csproj", "{68B96681-EF89-4F47-96C9-65AA37883C0A}"
EndProject
Project("{2150E333-8FDC-42A3-9474-1A3956D46DE8}") = "P42.Storage", "P42.Storage", "{E451037F-3343-4BE9-9B38-E5262EB21A7E}"
EndProject
Project("{2150E333-8FDC-42A3-9474-1A3956D46DE8}") = "P42.Utils", "P42.Utils", "{52E0E1FA-1DED-4081-BFFB-86414D41C273}"
EndProject
Project("{FAE04EC0-301F-11D3-BF4B-00C04F79EFBC}") = "P42.Storage", "Storage\Source\P42.Storage\P42.Storage.csproj", "{300BC454-4BBB-4D76-92A9-828A2EB4C23D}"
EndProject
Project("{FAE04EC0-301F-11D3-BF4B-00C04F79EFBC}") = "P42.Storage.MacOS", "Storage\Source\P42.Storage.MacOS\P42.Storage.MacOS.csproj", "{0692A4E7-F045-4392-8823-FC644890E562}"
EndProject
Project("{9344BDBB-3E7F-41FC-A0DD-8665D75EE146}") = "ImageSharp.Drawing", "PdfSharpCore\SixLabors\ImageSharp\src\ImageSharp.Drawing\ImageSharp.Drawing.csproj", "{6F5B5439-D3AE-4456-B5D1-6F17230706E4}"
EndProject
Project("{9344BDBB-3E7F-41FC-A0DD-8665D75EE146}") = "SharedInfrastructure", "PdfSharpCore\SixLabors\Fonts\shared-infrastructure\src\SharedInfrastructure\SharedInfrastructure.shproj", "{3C4E7A31-C4DD-4829-98F8-7CD82C8F9357}"
EndProject
Project("{2150E333-8FDC-42A3-9474-1A3956D46DE8}") = "Solution Items", "Solution Items", "{6EE0F730-A26E-44DD-86D2-134F6C562B92}"
	ProjectSection(SolutionItems) = preProject
		.editorconfig = .editorconfig
	EndProjectSection
EndProject
Project("{FAE04EC0-301F-11D3-BF4B-00C04F79EFBC}") = "P42.Utils.MacOS", "P42.Utils\P42.Utils.MacOS\P42.Utils.MacOS.csproj", "{1015AA6E-6277-40D6-8A17-3092F368DC0C}"
EndProject
Global
	GlobalSection(SolutionConfigurationPlatforms) = preSolution
		Debug|Any CPU = Debug|Any CPU
		Debug|ARM = Debug|ARM
		Debug|ARM64 = Debug|ARM64
		Debug|iPhone = Debug|iPhone
		Debug|iPhoneSimulator = Debug|iPhoneSimulator
		Debug|x64 = Debug|x64
		Debug|x86 = Debug|x86
		Release|Any CPU = Release|Any CPU
		Release|ARM = Release|ARM
		Release|ARM64 = Release|ARM64
		Release|iPhone = Release|iPhone
		Release|iPhoneSimulator = Release|iPhoneSimulator
		Release|x64 = Release|x64
		Release|x86 = Release|x86
	EndGlobalSection
	GlobalSection(ProjectConfigurationPlatforms) = postSolution
		{87136539-BC88-4C69-A2BE-B43846354F60}.Debug|Any CPU.ActiveCfg = Debug|Any CPU
		{87136539-BC88-4C69-A2BE-B43846354F60}.Debug|Any CPU.Build.0 = Debug|Any CPU
		{87136539-BC88-4C69-A2BE-B43846354F60}.Debug|ARM.ActiveCfg = Debug|Any CPU
		{87136539-BC88-4C69-A2BE-B43846354F60}.Debug|ARM.Build.0 = Debug|Any CPU
		{87136539-BC88-4C69-A2BE-B43846354F60}.Debug|ARM64.ActiveCfg = Debug|Any CPU
		{87136539-BC88-4C69-A2BE-B43846354F60}.Debug|ARM64.Build.0 = Debug|Any CPU
		{87136539-BC88-4C69-A2BE-B43846354F60}.Debug|iPhone.ActiveCfg = Debug|Any CPU
		{87136539-BC88-4C69-A2BE-B43846354F60}.Debug|iPhone.Build.0 = Debug|Any CPU
		{87136539-BC88-4C69-A2BE-B43846354F60}.Debug|iPhoneSimulator.ActiveCfg = Debug|Any CPU
		{87136539-BC88-4C69-A2BE-B43846354F60}.Debug|iPhoneSimulator.Build.0 = Debug|Any CPU
		{87136539-BC88-4C69-A2BE-B43846354F60}.Debug|x64.ActiveCfg = Debug|Any CPU
		{87136539-BC88-4C69-A2BE-B43846354F60}.Debug|x64.Build.0 = Debug|Any CPU
		{87136539-BC88-4C69-A2BE-B43846354F60}.Debug|x86.ActiveCfg = Debug|Any CPU
		{87136539-BC88-4C69-A2BE-B43846354F60}.Debug|x86.Build.0 = Debug|Any CPU
		{87136539-BC88-4C69-A2BE-B43846354F60}.Release|Any CPU.ActiveCfg = Release|Any CPU
		{87136539-BC88-4C69-A2BE-B43846354F60}.Release|Any CPU.Build.0 = Release|Any CPU
		{87136539-BC88-4C69-A2BE-B43846354F60}.Release|ARM.ActiveCfg = Release|Any CPU
		{87136539-BC88-4C69-A2BE-B43846354F60}.Release|ARM.Build.0 = Release|Any CPU
		{87136539-BC88-4C69-A2BE-B43846354F60}.Release|ARM64.ActiveCfg = Release|Any CPU
		{87136539-BC88-4C69-A2BE-B43846354F60}.Release|ARM64.Build.0 = Release|Any CPU
		{87136539-BC88-4C69-A2BE-B43846354F60}.Release|iPhone.ActiveCfg = Release|Any CPU
		{87136539-BC88-4C69-A2BE-B43846354F60}.Release|iPhone.Build.0 = Release|Any CPU
		{87136539-BC88-4C69-A2BE-B43846354F60}.Release|iPhoneSimulator.ActiveCfg = Release|Any CPU
		{87136539-BC88-4C69-A2BE-B43846354F60}.Release|iPhoneSimulator.Build.0 = Release|Any CPU
		{87136539-BC88-4C69-A2BE-B43846354F60}.Release|x64.ActiveCfg = Release|Any CPU
		{87136539-BC88-4C69-A2BE-B43846354F60}.Release|x64.Build.0 = Release|Any CPU
		{87136539-BC88-4C69-A2BE-B43846354F60}.Release|x86.ActiveCfg = Release|Any CPU
		{87136539-BC88-4C69-A2BE-B43846354F60}.Release|x86.Build.0 = Release|Any CPU
		{99177F95-E77F-4DE7-97B4-946A8889D1B8}.Debug|Any CPU.ActiveCfg = Debug|Any CPU
		{99177F95-E77F-4DE7-97B4-946A8889D1B8}.Debug|Any CPU.Build.0 = Debug|Any CPU
		{99177F95-E77F-4DE7-97B4-946A8889D1B8}.Debug|ARM.ActiveCfg = Debug|Any CPU
		{99177F95-E77F-4DE7-97B4-946A8889D1B8}.Debug|ARM.Build.0 = Debug|Any CPU
		{99177F95-E77F-4DE7-97B4-946A8889D1B8}.Debug|ARM64.ActiveCfg = Debug|Any CPU
		{99177F95-E77F-4DE7-97B4-946A8889D1B8}.Debug|ARM64.Build.0 = Debug|Any CPU
		{99177F95-E77F-4DE7-97B4-946A8889D1B8}.Debug|iPhone.ActiveCfg = Debug|Any CPU
		{99177F95-E77F-4DE7-97B4-946A8889D1B8}.Debug|iPhone.Build.0 = Debug|Any CPU
		{99177F95-E77F-4DE7-97B4-946A8889D1B8}.Debug|iPhoneSimulator.ActiveCfg = Debug|Any CPU
		{99177F95-E77F-4DE7-97B4-946A8889D1B8}.Debug|iPhoneSimulator.Build.0 = Debug|Any CPU
		{99177F95-E77F-4DE7-97B4-946A8889D1B8}.Debug|x64.ActiveCfg = Debug|Any CPU
		{99177F95-E77F-4DE7-97B4-946A8889D1B8}.Debug|x86.ActiveCfg = Debug|Any CPU
		{99177F95-E77F-4DE7-97B4-946A8889D1B8}.Release|Any CPU.ActiveCfg = Release|Any CPU
		{99177F95-E77F-4DE7-97B4-946A8889D1B8}.Release|Any CPU.Build.0 = Release|Any CPU
		{99177F95-E77F-4DE7-97B4-946A8889D1B8}.Release|ARM.ActiveCfg = Release|Any CPU
		{99177F95-E77F-4DE7-97B4-946A8889D1B8}.Release|ARM.Build.0 = Release|Any CPU
		{99177F95-E77F-4DE7-97B4-946A8889D1B8}.Release|ARM64.ActiveCfg = Release|Any CPU
		{99177F95-E77F-4DE7-97B4-946A8889D1B8}.Release|ARM64.Build.0 = Release|Any CPU
		{99177F95-E77F-4DE7-97B4-946A8889D1B8}.Release|iPhone.ActiveCfg = Release|Any CPU
		{99177F95-E77F-4DE7-97B4-946A8889D1B8}.Release|iPhone.Build.0 = Release|Any CPU
		{99177F95-E77F-4DE7-97B4-946A8889D1B8}.Release|iPhoneSimulator.ActiveCfg = Release|Any CPU
		{99177F95-E77F-4DE7-97B4-946A8889D1B8}.Release|iPhoneSimulator.Build.0 = Release|Any CPU
		{99177F95-E77F-4DE7-97B4-946A8889D1B8}.Release|x64.ActiveCfg = Release|Any CPU
		{99177F95-E77F-4DE7-97B4-946A8889D1B8}.Release|x64.Build.0 = Release|Any CPU
		{99177F95-E77F-4DE7-97B4-946A8889D1B8}.Release|x86.ActiveCfg = Release|Any CPU
		{99177F95-E77F-4DE7-97B4-946A8889D1B8}.Release|x86.Build.0 = Release|Any CPU
		{7C117F7E-965B-418C-B465-FFC1D288E35C}.Debug|Any CPU.ActiveCfg = Debug|Any CPU
		{7C117F7E-965B-418C-B465-FFC1D288E35C}.Debug|Any CPU.Build.0 = Debug|Any CPU
		{7C117F7E-965B-418C-B465-FFC1D288E35C}.Debug|ARM.ActiveCfg = Debug|Any CPU
		{7C117F7E-965B-418C-B465-FFC1D288E35C}.Debug|ARM.Build.0 = Debug|Any CPU
		{7C117F7E-965B-418C-B465-FFC1D288E35C}.Debug|ARM64.ActiveCfg = Debug|Any CPU
		{7C117F7E-965B-418C-B465-FFC1D288E35C}.Debug|ARM64.Build.0 = Debug|Any CPU
		{7C117F7E-965B-418C-B465-FFC1D288E35C}.Debug|iPhone.ActiveCfg = Debug|Any CPU
		{7C117F7E-965B-418C-B465-FFC1D288E35C}.Debug|iPhone.Build.0 = Debug|Any CPU
		{7C117F7E-965B-418C-B465-FFC1D288E35C}.Debug|iPhoneSimulator.ActiveCfg = Debug|Any CPU
		{7C117F7E-965B-418C-B465-FFC1D288E35C}.Debug|iPhoneSimulator.Build.0 = Debug|Any CPU
		{7C117F7E-965B-418C-B465-FFC1D288E35C}.Debug|x64.ActiveCfg = Debug|Any CPU
		{7C117F7E-965B-418C-B465-FFC1D288E35C}.Debug|x64.Build.0 = Debug|Any CPU
		{7C117F7E-965B-418C-B465-FFC1D288E35C}.Debug|x86.ActiveCfg = Debug|Any CPU
		{7C117F7E-965B-418C-B465-FFC1D288E35C}.Debug|x86.Build.0 = Debug|Any CPU
		{7C117F7E-965B-418C-B465-FFC1D288E35C}.Release|Any CPU.ActiveCfg = Release|Any CPU
		{7C117F7E-965B-418C-B465-FFC1D288E35C}.Release|Any CPU.Build.0 = Release|Any CPU
		{7C117F7E-965B-418C-B465-FFC1D288E35C}.Release|ARM.ActiveCfg = Release|Any CPU
		{7C117F7E-965B-418C-B465-FFC1D288E35C}.Release|ARM.Build.0 = Release|Any CPU
		{7C117F7E-965B-418C-B465-FFC1D288E35C}.Release|ARM64.ActiveCfg = Release|Any CPU
		{7C117F7E-965B-418C-B465-FFC1D288E35C}.Release|ARM64.Build.0 = Release|Any CPU
		{7C117F7E-965B-418C-B465-FFC1D288E35C}.Release|iPhone.ActiveCfg = Release|Any CPU
		{7C117F7E-965B-418C-B465-FFC1D288E35C}.Release|iPhone.Build.0 = Release|Any CPU
		{7C117F7E-965B-418C-B465-FFC1D288E35C}.Release|iPhoneSimulator.ActiveCfg = Release|Any CPU
		{7C117F7E-965B-418C-B465-FFC1D288E35C}.Release|iPhoneSimulator.Build.0 = Release|Any CPU
		{7C117F7E-965B-418C-B465-FFC1D288E35C}.Release|x64.ActiveCfg = Release|Any CPU
		{7C117F7E-965B-418C-B465-FFC1D288E35C}.Release|x64.Build.0 = Release|Any CPU
		{7C117F7E-965B-418C-B465-FFC1D288E35C}.Release|x86.ActiveCfg = Release|Any CPU
		{7C117F7E-965B-418C-B465-FFC1D288E35C}.Release|x86.Build.0 = Release|Any CPU
		{530E21BA-A725-4714-8678-74CCA5CDBB38}.Debug|Any CPU.ActiveCfg = Debug|Any CPU
		{530E21BA-A725-4714-8678-74CCA5CDBB38}.Debug|Any CPU.Build.0 = Debug|Any CPU
		{530E21BA-A725-4714-8678-74CCA5CDBB38}.Debug|ARM.ActiveCfg = Debug|Any CPU
		{530E21BA-A725-4714-8678-74CCA5CDBB38}.Debug|ARM.Build.0 = Debug|Any CPU
		{530E21BA-A725-4714-8678-74CCA5CDBB38}.Debug|ARM64.ActiveCfg = Debug|Any CPU
		{530E21BA-A725-4714-8678-74CCA5CDBB38}.Debug|ARM64.Build.0 = Debug|Any CPU
		{530E21BA-A725-4714-8678-74CCA5CDBB38}.Debug|iPhone.ActiveCfg = Debug|Any CPU
		{530E21BA-A725-4714-8678-74CCA5CDBB38}.Debug|iPhone.Build.0 = Debug|Any CPU
		{530E21BA-A725-4714-8678-74CCA5CDBB38}.Debug|iPhoneSimulator.ActiveCfg = Debug|Any CPU
		{530E21BA-A725-4714-8678-74CCA5CDBB38}.Debug|iPhoneSimulator.Build.0 = Debug|Any CPU
		{530E21BA-A725-4714-8678-74CCA5CDBB38}.Debug|x64.ActiveCfg = Debug|Any CPU
		{530E21BA-A725-4714-8678-74CCA5CDBB38}.Debug|x86.ActiveCfg = Debug|Any CPU
		{530E21BA-A725-4714-8678-74CCA5CDBB38}.Release|Any CPU.ActiveCfg = Release|Any CPU
		{530E21BA-A725-4714-8678-74CCA5CDBB38}.Release|Any CPU.Build.0 = Release|Any CPU
		{530E21BA-A725-4714-8678-74CCA5CDBB38}.Release|ARM.ActiveCfg = Release|Any CPU
		{530E21BA-A725-4714-8678-74CCA5CDBB38}.Release|ARM.Build.0 = Release|Any CPU
		{530E21BA-A725-4714-8678-74CCA5CDBB38}.Release|ARM64.ActiveCfg = Release|Any CPU
		{530E21BA-A725-4714-8678-74CCA5CDBB38}.Release|ARM64.Build.0 = Release|Any CPU
		{530E21BA-A725-4714-8678-74CCA5CDBB38}.Release|iPhone.ActiveCfg = Release|Any CPU
		{530E21BA-A725-4714-8678-74CCA5CDBB38}.Release|iPhone.Build.0 = Release|Any CPU
		{530E21BA-A725-4714-8678-74CCA5CDBB38}.Release|iPhoneSimulator.ActiveCfg = Release|Any CPU
		{530E21BA-A725-4714-8678-74CCA5CDBB38}.Release|iPhoneSimulator.Build.0 = Release|Any CPU
		{530E21BA-A725-4714-8678-74CCA5CDBB38}.Release|x64.ActiveCfg = Release|Any CPU
		{530E21BA-A725-4714-8678-74CCA5CDBB38}.Release|x64.Build.0 = Release|Any CPU
		{530E21BA-A725-4714-8678-74CCA5CDBB38}.Release|x86.ActiveCfg = Release|Any CPU
		{530E21BA-A725-4714-8678-74CCA5CDBB38}.Release|x86.Build.0 = Release|Any CPU
		{B416F6C7-3BB6-46B9-8693-1A6BE31CBB13}.Debug|Any CPU.ActiveCfg = Debug|Any CPU
		{B416F6C7-3BB6-46B9-8693-1A6BE31CBB13}.Debug|Any CPU.Build.0 = Debug|Any CPU
		{B416F6C7-3BB6-46B9-8693-1A6BE31CBB13}.Debug|ARM.ActiveCfg = Debug|Any CPU
		{B416F6C7-3BB6-46B9-8693-1A6BE31CBB13}.Debug|ARM.Build.0 = Debug|Any CPU
		{B416F6C7-3BB6-46B9-8693-1A6BE31CBB13}.Debug|ARM64.ActiveCfg = Debug|Any CPU
		{B416F6C7-3BB6-46B9-8693-1A6BE31CBB13}.Debug|ARM64.Build.0 = Debug|Any CPU
		{B416F6C7-3BB6-46B9-8693-1A6BE31CBB13}.Debug|iPhone.ActiveCfg = Debug|Any CPU
		{B416F6C7-3BB6-46B9-8693-1A6BE31CBB13}.Debug|iPhone.Build.0 = Debug|Any CPU
		{B416F6C7-3BB6-46B9-8693-1A6BE31CBB13}.Debug|iPhoneSimulator.ActiveCfg = Debug|Any CPU
		{B416F6C7-3BB6-46B9-8693-1A6BE31CBB13}.Debug|iPhoneSimulator.Build.0 = Debug|Any CPU
		{B416F6C7-3BB6-46B9-8693-1A6BE31CBB13}.Debug|x64.ActiveCfg = Debug|Any CPU
		{B416F6C7-3BB6-46B9-8693-1A6BE31CBB13}.Debug|x64.Build.0 = Debug|Any CPU
		{B416F6C7-3BB6-46B9-8693-1A6BE31CBB13}.Debug|x86.ActiveCfg = Debug|Any CPU
		{B416F6C7-3BB6-46B9-8693-1A6BE31CBB13}.Debug|x86.Build.0 = Debug|Any CPU
		{B416F6C7-3BB6-46B9-8693-1A6BE31CBB13}.Release|Any CPU.ActiveCfg = Release|Any CPU
		{B416F6C7-3BB6-46B9-8693-1A6BE31CBB13}.Release|Any CPU.Build.0 = Release|Any CPU
		{B416F6C7-3BB6-46B9-8693-1A6BE31CBB13}.Release|ARM.ActiveCfg = Release|Any CPU
		{B416F6C7-3BB6-46B9-8693-1A6BE31CBB13}.Release|ARM.Build.0 = Release|Any CPU
		{B416F6C7-3BB6-46B9-8693-1A6BE31CBB13}.Release|ARM64.ActiveCfg = Release|Any CPU
		{B416F6C7-3BB6-46B9-8693-1A6BE31CBB13}.Release|ARM64.Build.0 = Release|Any CPU
		{B416F6C7-3BB6-46B9-8693-1A6BE31CBB13}.Release|iPhone.ActiveCfg = Release|Any CPU
		{B416F6C7-3BB6-46B9-8693-1A6BE31CBB13}.Release|iPhone.Build.0 = Release|Any CPU
		{B416F6C7-3BB6-46B9-8693-1A6BE31CBB13}.Release|iPhoneSimulator.ActiveCfg = Release|Any CPU
		{B416F6C7-3BB6-46B9-8693-1A6BE31CBB13}.Release|iPhoneSimulator.Build.0 = Release|Any CPU
		{B416F6C7-3BB6-46B9-8693-1A6BE31CBB13}.Release|x64.ActiveCfg = Release|Any CPU
		{B416F6C7-3BB6-46B9-8693-1A6BE31CBB13}.Release|x64.Build.0 = Release|Any CPU
		{B416F6C7-3BB6-46B9-8693-1A6BE31CBB13}.Release|x86.ActiveCfg = Release|Any CPU
		{B416F6C7-3BB6-46B9-8693-1A6BE31CBB13}.Release|x86.Build.0 = Release|Any CPU
		{3CAF1812-07A4-4958-A3A3-04C3FBCCB330}.Debug|Any CPU.ActiveCfg = Debug|Any CPU
		{3CAF1812-07A4-4958-A3A3-04C3FBCCB330}.Debug|Any CPU.Build.0 = Debug|Any CPU
		{3CAF1812-07A4-4958-A3A3-04C3FBCCB330}.Debug|ARM.ActiveCfg = Debug|Any CPU
		{3CAF1812-07A4-4958-A3A3-04C3FBCCB330}.Debug|ARM.Build.0 = Debug|Any CPU
		{3CAF1812-07A4-4958-A3A3-04C3FBCCB330}.Debug|ARM64.ActiveCfg = Debug|Any CPU
		{3CAF1812-07A4-4958-A3A3-04C3FBCCB330}.Debug|ARM64.Build.0 = Debug|Any CPU
		{3CAF1812-07A4-4958-A3A3-04C3FBCCB330}.Debug|iPhone.ActiveCfg = Debug|Any CPU
		{3CAF1812-07A4-4958-A3A3-04C3FBCCB330}.Debug|iPhone.Build.0 = Debug|Any CPU
		{3CAF1812-07A4-4958-A3A3-04C3FBCCB330}.Debug|iPhoneSimulator.ActiveCfg = Debug|Any CPU
		{3CAF1812-07A4-4958-A3A3-04C3FBCCB330}.Debug|iPhoneSimulator.Build.0 = Debug|Any CPU
		{3CAF1812-07A4-4958-A3A3-04C3FBCCB330}.Debug|x64.ActiveCfg = Debug|Any CPU
		{3CAF1812-07A4-4958-A3A3-04C3FBCCB330}.Debug|x64.Build.0 = Debug|Any CPU
		{3CAF1812-07A4-4958-A3A3-04C3FBCCB330}.Debug|x86.ActiveCfg = Debug|Any CPU
		{3CAF1812-07A4-4958-A3A3-04C3FBCCB330}.Debug|x86.Build.0 = Debug|Any CPU
		{3CAF1812-07A4-4958-A3A3-04C3FBCCB330}.Release|Any CPU.ActiveCfg = Release|Any CPU
		{3CAF1812-07A4-4958-A3A3-04C3FBCCB330}.Release|Any CPU.Build.0 = Release|Any CPU
		{3CAF1812-07A4-4958-A3A3-04C3FBCCB330}.Release|ARM.ActiveCfg = Release|Any CPU
		{3CAF1812-07A4-4958-A3A3-04C3FBCCB330}.Release|ARM.Build.0 = Release|Any CPU
		{3CAF1812-07A4-4958-A3A3-04C3FBCCB330}.Release|ARM64.ActiveCfg = Release|Any CPU
		{3CAF1812-07A4-4958-A3A3-04C3FBCCB330}.Release|ARM64.Build.0 = Release|Any CPU
		{3CAF1812-07A4-4958-A3A3-04C3FBCCB330}.Release|iPhone.ActiveCfg = Release|Any CPU
		{3CAF1812-07A4-4958-A3A3-04C3FBCCB330}.Release|iPhone.Build.0 = Release|Any CPU
		{3CAF1812-07A4-4958-A3A3-04C3FBCCB330}.Release|iPhoneSimulator.ActiveCfg = Release|Any CPU
		{3CAF1812-07A4-4958-A3A3-04C3FBCCB330}.Release|iPhoneSimulator.Build.0 = Release|Any CPU
		{3CAF1812-07A4-4958-A3A3-04C3FBCCB330}.Release|x64.ActiveCfg = Release|Any CPU
		{3CAF1812-07A4-4958-A3A3-04C3FBCCB330}.Release|x64.Build.0 = Release|Any CPU
		{3CAF1812-07A4-4958-A3A3-04C3FBCCB330}.Release|x86.ActiveCfg = Release|Any CPU
		{3CAF1812-07A4-4958-A3A3-04C3FBCCB330}.Release|x86.Build.0 = Release|Any CPU
		{763E0B79-BC83-4491-A69B-66126F574685}.Debug|Any CPU.ActiveCfg = Debug|Any CPU
		{763E0B79-BC83-4491-A69B-66126F574685}.Debug|Any CPU.Build.0 = Debug|Any CPU
		{763E0B79-BC83-4491-A69B-66126F574685}.Debug|ARM.ActiveCfg = Debug|Any CPU
		{763E0B79-BC83-4491-A69B-66126F574685}.Debug|ARM.Build.0 = Debug|Any CPU
		{763E0B79-BC83-4491-A69B-66126F574685}.Debug|ARM64.ActiveCfg = Debug|Any CPU
		{763E0B79-BC83-4491-A69B-66126F574685}.Debug|ARM64.Build.0 = Debug|Any CPU
		{763E0B79-BC83-4491-A69B-66126F574685}.Debug|iPhone.ActiveCfg = Debug|Any CPU
		{763E0B79-BC83-4491-A69B-66126F574685}.Debug|iPhone.Build.0 = Debug|Any CPU
		{763E0B79-BC83-4491-A69B-66126F574685}.Debug|iPhoneSimulator.ActiveCfg = Debug|Any CPU
		{763E0B79-BC83-4491-A69B-66126F574685}.Debug|iPhoneSimulator.Build.0 = Debug|Any CPU
		{763E0B79-BC83-4491-A69B-66126F574685}.Debug|x64.ActiveCfg = Debug|Any CPU
		{763E0B79-BC83-4491-A69B-66126F574685}.Debug|x64.Build.0 = Debug|Any CPU
		{763E0B79-BC83-4491-A69B-66126F574685}.Debug|x86.ActiveCfg = Debug|Any CPU
		{763E0B79-BC83-4491-A69B-66126F574685}.Debug|x86.Build.0 = Debug|Any CPU
		{763E0B79-BC83-4491-A69B-66126F574685}.Release|Any CPU.ActiveCfg = Release|Any CPU
		{763E0B79-BC83-4491-A69B-66126F574685}.Release|Any CPU.Build.0 = Release|Any CPU
		{763E0B79-BC83-4491-A69B-66126F574685}.Release|ARM.ActiveCfg = Release|Any CPU
		{763E0B79-BC83-4491-A69B-66126F574685}.Release|ARM.Build.0 = Release|Any CPU
		{763E0B79-BC83-4491-A69B-66126F574685}.Release|ARM64.ActiveCfg = Release|Any CPU
		{763E0B79-BC83-4491-A69B-66126F574685}.Release|ARM64.Build.0 = Release|Any CPU
		{763E0B79-BC83-4491-A69B-66126F574685}.Release|iPhone.ActiveCfg = Release|Any CPU
		{763E0B79-BC83-4491-A69B-66126F574685}.Release|iPhone.Build.0 = Release|Any CPU
		{763E0B79-BC83-4491-A69B-66126F574685}.Release|iPhoneSimulator.ActiveCfg = Release|Any CPU
		{763E0B79-BC83-4491-A69B-66126F574685}.Release|iPhoneSimulator.Build.0 = Release|Any CPU
		{763E0B79-BC83-4491-A69B-66126F574685}.Release|x64.ActiveCfg = Release|Any CPU
		{763E0B79-BC83-4491-A69B-66126F574685}.Release|x64.Build.0 = Release|Any CPU
		{763E0B79-BC83-4491-A69B-66126F574685}.Release|x86.ActiveCfg = Release|Any CPU
		{763E0B79-BC83-4491-A69B-66126F574685}.Release|x86.Build.0 = Release|Any CPU
		{F6449184-CB8E-4178-96E7-EFB3B183712D}.Debug|Any CPU.ActiveCfg = Debug|Any CPU
		{F6449184-CB8E-4178-96E7-EFB3B183712D}.Debug|Any CPU.Build.0 = Debug|Any CPU
		{F6449184-CB8E-4178-96E7-EFB3B183712D}.Debug|ARM.ActiveCfg = Debug|Any CPU
		{F6449184-CB8E-4178-96E7-EFB3B183712D}.Debug|ARM.Build.0 = Debug|Any CPU
		{F6449184-CB8E-4178-96E7-EFB3B183712D}.Debug|ARM64.ActiveCfg = Debug|Any CPU
		{F6449184-CB8E-4178-96E7-EFB3B183712D}.Debug|ARM64.Build.0 = Debug|Any CPU
		{F6449184-CB8E-4178-96E7-EFB3B183712D}.Debug|iPhone.ActiveCfg = Debug|Any CPU
		{F6449184-CB8E-4178-96E7-EFB3B183712D}.Debug|iPhone.Build.0 = Debug|Any CPU
		{F6449184-CB8E-4178-96E7-EFB3B183712D}.Debug|iPhoneSimulator.ActiveCfg = Debug|Any CPU
		{F6449184-CB8E-4178-96E7-EFB3B183712D}.Debug|iPhoneSimulator.Build.0 = Debug|Any CPU
		{F6449184-CB8E-4178-96E7-EFB3B183712D}.Debug|x64.ActiveCfg = Debug|Any CPU
		{F6449184-CB8E-4178-96E7-EFB3B183712D}.Debug|x64.Build.0 = Debug|Any CPU
		{F6449184-CB8E-4178-96E7-EFB3B183712D}.Debug|x86.ActiveCfg = Debug|Any CPU
		{F6449184-CB8E-4178-96E7-EFB3B183712D}.Debug|x86.Build.0 = Debug|Any CPU
		{F6449184-CB8E-4178-96E7-EFB3B183712D}.Release|Any CPU.ActiveCfg = Release|Any CPU
		{F6449184-CB8E-4178-96E7-EFB3B183712D}.Release|Any CPU.Build.0 = Release|Any CPU
		{F6449184-CB8E-4178-96E7-EFB3B183712D}.Release|ARM.ActiveCfg = Release|Any CPU
		{F6449184-CB8E-4178-96E7-EFB3B183712D}.Release|ARM.Build.0 = Release|Any CPU
		{F6449184-CB8E-4178-96E7-EFB3B183712D}.Release|ARM64.ActiveCfg = Release|Any CPU
		{F6449184-CB8E-4178-96E7-EFB3B183712D}.Release|ARM64.Build.0 = Release|Any CPU
		{F6449184-CB8E-4178-96E7-EFB3B183712D}.Release|iPhone.ActiveCfg = Release|Any CPU
		{F6449184-CB8E-4178-96E7-EFB3B183712D}.Release|iPhone.Build.0 = Release|Any CPU
		{F6449184-CB8E-4178-96E7-EFB3B183712D}.Release|iPhoneSimulator.ActiveCfg = Release|Any CPU
		{F6449184-CB8E-4178-96E7-EFB3B183712D}.Release|iPhoneSimulator.Build.0 = Release|Any CPU
		{F6449184-CB8E-4178-96E7-EFB3B183712D}.Release|x64.ActiveCfg = Release|Any CPU
		{F6449184-CB8E-4178-96E7-EFB3B183712D}.Release|x64.Build.0 = Release|Any CPU
		{F6449184-CB8E-4178-96E7-EFB3B183712D}.Release|x86.ActiveCfg = Release|Any CPU
		{F6449184-CB8E-4178-96E7-EFB3B183712D}.Release|x86.Build.0 = Release|Any CPU
		{9A4C3AC5-C672-422C-85EA-6F4DD26B891D}.Debug|Any CPU.ActiveCfg = Debug|Any CPU
		{9A4C3AC5-C672-422C-85EA-6F4DD26B891D}.Debug|Any CPU.Build.0 = Debug|Any CPU
		{9A4C3AC5-C672-422C-85EA-6F4DD26B891D}.Debug|ARM.ActiveCfg = Debug|Any CPU
		{9A4C3AC5-C672-422C-85EA-6F4DD26B891D}.Debug|ARM.Build.0 = Debug|Any CPU
		{9A4C3AC5-C672-422C-85EA-6F4DD26B891D}.Debug|ARM64.ActiveCfg = Debug|Any CPU
		{9A4C3AC5-C672-422C-85EA-6F4DD26B891D}.Debug|ARM64.Build.0 = Debug|Any CPU
		{9A4C3AC5-C672-422C-85EA-6F4DD26B891D}.Debug|iPhone.ActiveCfg = Debug|Any CPU
		{9A4C3AC5-C672-422C-85EA-6F4DD26B891D}.Debug|iPhone.Build.0 = Debug|Any CPU
		{9A4C3AC5-C672-422C-85EA-6F4DD26B891D}.Debug|iPhoneSimulator.ActiveCfg = Debug|Any CPU
		{9A4C3AC5-C672-422C-85EA-6F4DD26B891D}.Debug|iPhoneSimulator.Build.0 = Debug|Any CPU
		{9A4C3AC5-C672-422C-85EA-6F4DD26B891D}.Debug|x64.ActiveCfg = Debug|Any CPU
		{9A4C3AC5-C672-422C-85EA-6F4DD26B891D}.Debug|x64.Build.0 = Debug|Any CPU
		{9A4C3AC5-C672-422C-85EA-6F4DD26B891D}.Debug|x86.ActiveCfg = Debug|Any CPU
		{9A4C3AC5-C672-422C-85EA-6F4DD26B891D}.Debug|x86.Build.0 = Debug|Any CPU
		{9A4C3AC5-C672-422C-85EA-6F4DD26B891D}.Release|Any CPU.ActiveCfg = Release|Any CPU
		{9A4C3AC5-C672-422C-85EA-6F4DD26B891D}.Release|Any CPU.Build.0 = Release|Any CPU
		{9A4C3AC5-C672-422C-85EA-6F4DD26B891D}.Release|ARM.ActiveCfg = Release|Any CPU
		{9A4C3AC5-C672-422C-85EA-6F4DD26B891D}.Release|ARM.Build.0 = Release|Any CPU
		{9A4C3AC5-C672-422C-85EA-6F4DD26B891D}.Release|ARM64.ActiveCfg = Release|Any CPU
		{9A4C3AC5-C672-422C-85EA-6F4DD26B891D}.Release|ARM64.Build.0 = Release|Any CPU
		{9A4C3AC5-C672-422C-85EA-6F4DD26B891D}.Release|iPhone.ActiveCfg = Release|Any CPU
		{9A4C3AC5-C672-422C-85EA-6F4DD26B891D}.Release|iPhone.Build.0 = Release|Any CPU
		{9A4C3AC5-C672-422C-85EA-6F4DD26B891D}.Release|iPhoneSimulator.ActiveCfg = Release|Any CPU
		{9A4C3AC5-C672-422C-85EA-6F4DD26B891D}.Release|iPhoneSimulator.Build.0 = Release|Any CPU
		{9A4C3AC5-C672-422C-85EA-6F4DD26B891D}.Release|x64.ActiveCfg = Release|Any CPU
		{9A4C3AC5-C672-422C-85EA-6F4DD26B891D}.Release|x64.Build.0 = Release|Any CPU
		{9A4C3AC5-C672-422C-85EA-6F4DD26B891D}.Release|x86.ActiveCfg = Release|Any CPU
		{9A4C3AC5-C672-422C-85EA-6F4DD26B891D}.Release|x86.Build.0 = Release|Any CPU
		{C8E89B69-9154-4ED1-9BD3-F55D028735AD}.Debug|Any CPU.ActiveCfg = Debug|Any CPU
		{C8E89B69-9154-4ED1-9BD3-F55D028735AD}.Debug|Any CPU.Build.0 = Debug|Any CPU
		{C8E89B69-9154-4ED1-9BD3-F55D028735AD}.Debug|ARM.ActiveCfg = Debug|Any CPU
		{C8E89B69-9154-4ED1-9BD3-F55D028735AD}.Debug|ARM.Build.0 = Debug|Any CPU
		{C8E89B69-9154-4ED1-9BD3-F55D028735AD}.Debug|ARM64.ActiveCfg = Debug|Any CPU
		{C8E89B69-9154-4ED1-9BD3-F55D028735AD}.Debug|ARM64.Build.0 = Debug|Any CPU
		{C8E89B69-9154-4ED1-9BD3-F55D028735AD}.Debug|iPhone.ActiveCfg = Debug|Any CPU
		{C8E89B69-9154-4ED1-9BD3-F55D028735AD}.Debug|iPhone.Build.0 = Debug|Any CPU
		{C8E89B69-9154-4ED1-9BD3-F55D028735AD}.Debug|iPhoneSimulator.ActiveCfg = Debug|Any CPU
		{C8E89B69-9154-4ED1-9BD3-F55D028735AD}.Debug|iPhoneSimulator.Build.0 = Debug|Any CPU
		{C8E89B69-9154-4ED1-9BD3-F55D028735AD}.Debug|x64.ActiveCfg = Debug|Any CPU
		{C8E89B69-9154-4ED1-9BD3-F55D028735AD}.Debug|x64.Build.0 = Debug|Any CPU
		{C8E89B69-9154-4ED1-9BD3-F55D028735AD}.Debug|x86.ActiveCfg = Debug|Any CPU
		{C8E89B69-9154-4ED1-9BD3-F55D028735AD}.Debug|x86.Build.0 = Debug|Any CPU
		{C8E89B69-9154-4ED1-9BD3-F55D028735AD}.Release|Any CPU.ActiveCfg = Release|Any CPU
		{C8E89B69-9154-4ED1-9BD3-F55D028735AD}.Release|Any CPU.Build.0 = Release|Any CPU
		{C8E89B69-9154-4ED1-9BD3-F55D028735AD}.Release|ARM.ActiveCfg = Release|Any CPU
		{C8E89B69-9154-4ED1-9BD3-F55D028735AD}.Release|ARM.Build.0 = Release|Any CPU
		{C8E89B69-9154-4ED1-9BD3-F55D028735AD}.Release|ARM64.ActiveCfg = Release|Any CPU
		{C8E89B69-9154-4ED1-9BD3-F55D028735AD}.Release|ARM64.Build.0 = Release|Any CPU
		{C8E89B69-9154-4ED1-9BD3-F55D028735AD}.Release|iPhone.ActiveCfg = Release|Any CPU
		{C8E89B69-9154-4ED1-9BD3-F55D028735AD}.Release|iPhone.Build.0 = Release|Any CPU
		{C8E89B69-9154-4ED1-9BD3-F55D028735AD}.Release|iPhoneSimulator.ActiveCfg = Release|Any CPU
		{C8E89B69-9154-4ED1-9BD3-F55D028735AD}.Release|iPhoneSimulator.Build.0 = Release|Any CPU
		{C8E89B69-9154-4ED1-9BD3-F55D028735AD}.Release|x64.ActiveCfg = Release|Any CPU
		{C8E89B69-9154-4ED1-9BD3-F55D028735AD}.Release|x64.Build.0 = Release|Any CPU
		{C8E89B69-9154-4ED1-9BD3-F55D028735AD}.Release|x86.ActiveCfg = Release|Any CPU
		{C8E89B69-9154-4ED1-9BD3-F55D028735AD}.Release|x86.Build.0 = Release|Any CPU
		{0CB89A34-A2BE-42D8-B4BA-A882A20638ED}.Debug|Any CPU.ActiveCfg = Debug|x86
		{0CB89A34-A2BE-42D8-B4BA-A882A20638ED}.Debug|Any CPU.Build.0 = Debug|x86
		{0CB89A34-A2BE-42D8-B4BA-A882A20638ED}.Debug|Any CPU.Deploy.0 = Debug|x86
		{0CB89A34-A2BE-42D8-B4BA-A882A20638ED}.Debug|ARM.ActiveCfg = Debug|ARM
		{0CB89A34-A2BE-42D8-B4BA-A882A20638ED}.Debug|ARM.Build.0 = Debug|ARM
		{0CB89A34-A2BE-42D8-B4BA-A882A20638ED}.Debug|ARM.Deploy.0 = Debug|ARM
		{0CB89A34-A2BE-42D8-B4BA-A882A20638ED}.Debug|ARM64.ActiveCfg = Debug|ARM64
		{0CB89A34-A2BE-42D8-B4BA-A882A20638ED}.Debug|ARM64.Build.0 = Debug|ARM64
		{0CB89A34-A2BE-42D8-B4BA-A882A20638ED}.Debug|ARM64.Deploy.0 = Debug|ARM64
		{0CB89A34-A2BE-42D8-B4BA-A882A20638ED}.Debug|iPhone.ActiveCfg = Debug|x86
		{0CB89A34-A2BE-42D8-B4BA-A882A20638ED}.Debug|iPhoneSimulator.ActiveCfg = Debug|x86
		{0CB89A34-A2BE-42D8-B4BA-A882A20638ED}.Debug|x64.ActiveCfg = Debug|x64
		{0CB89A34-A2BE-42D8-B4BA-A882A20638ED}.Debug|x64.Build.0 = Debug|x64
		{0CB89A34-A2BE-42D8-B4BA-A882A20638ED}.Debug|x64.Deploy.0 = Debug|x64
		{0CB89A34-A2BE-42D8-B4BA-A882A20638ED}.Debug|x86.ActiveCfg = Debug|x86
		{0CB89A34-A2BE-42D8-B4BA-A882A20638ED}.Debug|x86.Build.0 = Debug|x86
		{0CB89A34-A2BE-42D8-B4BA-A882A20638ED}.Debug|x86.Deploy.0 = Debug|x86
		{0CB89A34-A2BE-42D8-B4BA-A882A20638ED}.Release|Any CPU.ActiveCfg = Release|x86
		{0CB89A34-A2BE-42D8-B4BA-A882A20638ED}.Release|ARM.ActiveCfg = Release|ARM
		{0CB89A34-A2BE-42D8-B4BA-A882A20638ED}.Release|ARM.Build.0 = Release|ARM
		{0CB89A34-A2BE-42D8-B4BA-A882A20638ED}.Release|ARM.Deploy.0 = Release|ARM
		{0CB89A34-A2BE-42D8-B4BA-A882A20638ED}.Release|ARM64.ActiveCfg = Release|ARM64
		{0CB89A34-A2BE-42D8-B4BA-A882A20638ED}.Release|ARM64.Build.0 = Release|ARM64
		{0CB89A34-A2BE-42D8-B4BA-A882A20638ED}.Release|ARM64.Deploy.0 = Release|ARM64
		{0CB89A34-A2BE-42D8-B4BA-A882A20638ED}.Release|iPhone.ActiveCfg = Release|x86
		{0CB89A34-A2BE-42D8-B4BA-A882A20638ED}.Release|iPhoneSimulator.ActiveCfg = Release|x86
		{0CB89A34-A2BE-42D8-B4BA-A882A20638ED}.Release|x64.ActiveCfg = Release|x64
		{0CB89A34-A2BE-42D8-B4BA-A882A20638ED}.Release|x64.Build.0 = Release|x64
		{0CB89A34-A2BE-42D8-B4BA-A882A20638ED}.Release|x64.Deploy.0 = Release|x64
		{0CB89A34-A2BE-42D8-B4BA-A882A20638ED}.Release|x86.ActiveCfg = Release|x86
		{0CB89A34-A2BE-42D8-B4BA-A882A20638ED}.Release|x86.Build.0 = Release|x86
		{0CB89A34-A2BE-42D8-B4BA-A882A20638ED}.Release|x86.Deploy.0 = Release|x86
		{68B96681-EF89-4F47-96C9-65AA37883C0A}.Debug|Any CPU.ActiveCfg = Debug|Any CPU
		{68B96681-EF89-4F47-96C9-65AA37883C0A}.Debug|Any CPU.Build.0 = Debug|Any CPU
		{68B96681-EF89-4F47-96C9-65AA37883C0A}.Debug|ARM.ActiveCfg = Debug|ARM
		{68B96681-EF89-4F47-96C9-65AA37883C0A}.Debug|ARM.Build.0 = Debug|ARM
		{68B96681-EF89-4F47-96C9-65AA37883C0A}.Debug|ARM64.ActiveCfg = Debug|Any CPU
		{68B96681-EF89-4F47-96C9-65AA37883C0A}.Debug|ARM64.Build.0 = Debug|Any CPU
		{68B96681-EF89-4F47-96C9-65AA37883C0A}.Debug|iPhone.ActiveCfg = Debug|Any CPU
		{68B96681-EF89-4F47-96C9-65AA37883C0A}.Debug|iPhone.Build.0 = Debug|Any CPU
		{68B96681-EF89-4F47-96C9-65AA37883C0A}.Debug|iPhoneSimulator.ActiveCfg = Debug|Any CPU
		{68B96681-EF89-4F47-96C9-65AA37883C0A}.Debug|iPhoneSimulator.Build.0 = Debug|Any CPU
		{68B96681-EF89-4F47-96C9-65AA37883C0A}.Debug|x64.ActiveCfg = Debug|x64
		{68B96681-EF89-4F47-96C9-65AA37883C0A}.Debug|x64.Build.0 = Debug|x64
		{68B96681-EF89-4F47-96C9-65AA37883C0A}.Debug|x86.ActiveCfg = Debug|x86
		{68B96681-EF89-4F47-96C9-65AA37883C0A}.Debug|x86.Build.0 = Debug|x86
		{68B96681-EF89-4F47-96C9-65AA37883C0A}.Release|Any CPU.ActiveCfg = Release|Any CPU
		{68B96681-EF89-4F47-96C9-65AA37883C0A}.Release|Any CPU.Build.0 = Release|Any CPU
		{68B96681-EF89-4F47-96C9-65AA37883C0A}.Release|ARM.ActiveCfg = Release|ARM
		{68B96681-EF89-4F47-96C9-65AA37883C0A}.Release|ARM.Build.0 = Release|ARM
		{68B96681-EF89-4F47-96C9-65AA37883C0A}.Release|ARM64.ActiveCfg = Release|Any CPU
		{68B96681-EF89-4F47-96C9-65AA37883C0A}.Release|ARM64.Build.0 = Release|Any CPU
		{68B96681-EF89-4F47-96C9-65AA37883C0A}.Release|iPhone.ActiveCfg = Release|Any CPU
		{68B96681-EF89-4F47-96C9-65AA37883C0A}.Release|iPhone.Build.0 = Release|Any CPU
		{68B96681-EF89-4F47-96C9-65AA37883C0A}.Release|iPhoneSimulator.ActiveCfg = Release|Any CPU
		{68B96681-EF89-4F47-96C9-65AA37883C0A}.Release|iPhoneSimulator.Build.0 = Release|Any CPU
		{68B96681-EF89-4F47-96C9-65AA37883C0A}.Release|x64.ActiveCfg = Release|x64
		{68B96681-EF89-4F47-96C9-65AA37883C0A}.Release|x64.Build.0 = Release|x64
		{68B96681-EF89-4F47-96C9-65AA37883C0A}.Release|x86.ActiveCfg = Release|x86
		{68B96681-EF89-4F47-96C9-65AA37883C0A}.Release|x86.Build.0 = Release|x86
		{300BC454-4BBB-4D76-92A9-828A2EB4C23D}.Debug|Any CPU.ActiveCfg = Debug|Any CPU
		{300BC454-4BBB-4D76-92A9-828A2EB4C23D}.Debug|Any CPU.Build.0 = Debug|Any CPU
		{300BC454-4BBB-4D76-92A9-828A2EB4C23D}.Debug|ARM.ActiveCfg = Debug|Any CPU
		{300BC454-4BBB-4D76-92A9-828A2EB4C23D}.Debug|ARM.Build.0 = Debug|Any CPU
		{300BC454-4BBB-4D76-92A9-828A2EB4C23D}.Debug|ARM64.ActiveCfg = Debug|Any CPU
		{300BC454-4BBB-4D76-92A9-828A2EB4C23D}.Debug|ARM64.Build.0 = Debug|Any CPU
		{300BC454-4BBB-4D76-92A9-828A2EB4C23D}.Debug|iPhone.ActiveCfg = Debug|Any CPU
		{300BC454-4BBB-4D76-92A9-828A2EB4C23D}.Debug|iPhone.Build.0 = Debug|Any CPU
		{300BC454-4BBB-4D76-92A9-828A2EB4C23D}.Debug|iPhoneSimulator.ActiveCfg = Debug|Any CPU
		{300BC454-4BBB-4D76-92A9-828A2EB4C23D}.Debug|iPhoneSimulator.Build.0 = Debug|Any CPU
		{300BC454-4BBB-4D76-92A9-828A2EB4C23D}.Debug|x64.ActiveCfg = Debug|Any CPU
		{300BC454-4BBB-4D76-92A9-828A2EB4C23D}.Debug|x64.Build.0 = Debug|Any CPU
		{300BC454-4BBB-4D76-92A9-828A2EB4C23D}.Debug|x86.ActiveCfg = Debug|Any CPU
		{300BC454-4BBB-4D76-92A9-828A2EB4C23D}.Debug|x86.Build.0 = Debug|Any CPU
		{300BC454-4BBB-4D76-92A9-828A2EB4C23D}.Release|Any CPU.ActiveCfg = Release|Any CPU
		{300BC454-4BBB-4D76-92A9-828A2EB4C23D}.Release|Any CPU.Build.0 = Release|Any CPU
		{300BC454-4BBB-4D76-92A9-828A2EB4C23D}.Release|ARM.ActiveCfg = Release|Any CPU
		{300BC454-4BBB-4D76-92A9-828A2EB4C23D}.Release|ARM.Build.0 = Release|Any CPU
		{300BC454-4BBB-4D76-92A9-828A2EB4C23D}.Release|ARM64.ActiveCfg = Release|Any CPU
		{300BC454-4BBB-4D76-92A9-828A2EB4C23D}.Release|ARM64.Build.0 = Release|Any CPU
		{300BC454-4BBB-4D76-92A9-828A2EB4C23D}.Release|iPhone.ActiveCfg = Release|Any CPU
		{300BC454-4BBB-4D76-92A9-828A2EB4C23D}.Release|iPhone.Build.0 = Release|Any CPU
		{300BC454-4BBB-4D76-92A9-828A2EB4C23D}.Release|iPhoneSimulator.ActiveCfg = Release|Any CPU
		{300BC454-4BBB-4D76-92A9-828A2EB4C23D}.Release|iPhoneSimulator.Build.0 = Release|Any CPU
		{300BC454-4BBB-4D76-92A9-828A2EB4C23D}.Release|x64.ActiveCfg = Release|Any CPU
		{300BC454-4BBB-4D76-92A9-828A2EB4C23D}.Release|x64.Build.0 = Release|Any CPU
		{300BC454-4BBB-4D76-92A9-828A2EB4C23D}.Release|x86.ActiveCfg = Release|Any CPU
		{300BC454-4BBB-4D76-92A9-828A2EB4C23D}.Release|x86.Build.0 = Release|Any CPU
		{0692A4E7-F045-4392-8823-FC644890E562}.Debug|Any CPU.ActiveCfg = Debug|Any CPU
		{0692A4E7-F045-4392-8823-FC644890E562}.Debug|Any CPU.Build.0 = Debug|Any CPU
		{0692A4E7-F045-4392-8823-FC644890E562}.Debug|ARM.ActiveCfg = Debug|Any CPU
		{0692A4E7-F045-4392-8823-FC644890E562}.Debug|ARM.Build.0 = Debug|Any CPU
		{0692A4E7-F045-4392-8823-FC644890E562}.Debug|ARM64.ActiveCfg = Debug|Any CPU
		{0692A4E7-F045-4392-8823-FC644890E562}.Debug|ARM64.Build.0 = Debug|Any CPU
		{0692A4E7-F045-4392-8823-FC644890E562}.Debug|iPhone.ActiveCfg = Debug|Any CPU
		{0692A4E7-F045-4392-8823-FC644890E562}.Debug|iPhone.Build.0 = Debug|Any CPU
		{0692A4E7-F045-4392-8823-FC644890E562}.Debug|iPhoneSimulator.ActiveCfg = Debug|Any CPU
		{0692A4E7-F045-4392-8823-FC644890E562}.Debug|iPhoneSimulator.Build.0 = Debug|Any CPU
		{0692A4E7-F045-4392-8823-FC644890E562}.Debug|x64.ActiveCfg = Debug|Any CPU
		{0692A4E7-F045-4392-8823-FC644890E562}.Debug|x64.Build.0 = Debug|Any CPU
		{0692A4E7-F045-4392-8823-FC644890E562}.Debug|x86.ActiveCfg = Debug|Any CPU
		{0692A4E7-F045-4392-8823-FC644890E562}.Debug|x86.Build.0 = Debug|Any CPU
		{0692A4E7-F045-4392-8823-FC644890E562}.Release|Any CPU.ActiveCfg = Release|Any CPU
		{0692A4E7-F045-4392-8823-FC644890E562}.Release|Any CPU.Build.0 = Release|Any CPU
		{0692A4E7-F045-4392-8823-FC644890E562}.Release|ARM.ActiveCfg = Release|Any CPU
		{0692A4E7-F045-4392-8823-FC644890E562}.Release|ARM.Build.0 = Release|Any CPU
		{0692A4E7-F045-4392-8823-FC644890E562}.Release|ARM64.ActiveCfg = Release|Any CPU
		{0692A4E7-F045-4392-8823-FC644890E562}.Release|ARM64.Build.0 = Release|Any CPU
		{0692A4E7-F045-4392-8823-FC644890E562}.Release|iPhone.ActiveCfg = Release|Any CPU
		{0692A4E7-F045-4392-8823-FC644890E562}.Release|iPhone.Build.0 = Release|Any CPU
		{0692A4E7-F045-4392-8823-FC644890E562}.Release|iPhoneSimulator.ActiveCfg = Release|Any CPU
		{0692A4E7-F045-4392-8823-FC644890E562}.Release|iPhoneSimulator.Build.0 = Release|Any CPU
		{0692A4E7-F045-4392-8823-FC644890E562}.Release|x64.ActiveCfg = Release|Any CPU
		{0692A4E7-F045-4392-8823-FC644890E562}.Release|x64.Build.0 = Release|Any CPU
		{0692A4E7-F045-4392-8823-FC644890E562}.Release|x86.ActiveCfg = Release|Any CPU
		{0692A4E7-F045-4392-8823-FC644890E562}.Release|x86.Build.0 = Release|Any CPU
		{6F5B5439-D3AE-4456-B5D1-6F17230706E4}.Debug|Any CPU.ActiveCfg = Debug|Any CPU
		{6F5B5439-D3AE-4456-B5D1-6F17230706E4}.Debug|Any CPU.Build.0 = Debug|Any CPU
		{6F5B5439-D3AE-4456-B5D1-6F17230706E4}.Debug|ARM.ActiveCfg = Debug|Any CPU
		{6F5B5439-D3AE-4456-B5D1-6F17230706E4}.Debug|ARM.Build.0 = Debug|Any CPU
		{6F5B5439-D3AE-4456-B5D1-6F17230706E4}.Debug|ARM64.ActiveCfg = Debug|Any CPU
		{6F5B5439-D3AE-4456-B5D1-6F17230706E4}.Debug|ARM64.Build.0 = Debug|Any CPU
		{6F5B5439-D3AE-4456-B5D1-6F17230706E4}.Debug|iPhone.ActiveCfg = Debug|Any CPU
		{6F5B5439-D3AE-4456-B5D1-6F17230706E4}.Debug|iPhone.Build.0 = Debug|Any CPU
		{6F5B5439-D3AE-4456-B5D1-6F17230706E4}.Debug|iPhoneSimulator.ActiveCfg = Debug|Any CPU
		{6F5B5439-D3AE-4456-B5D1-6F17230706E4}.Debug|iPhoneSimulator.Build.0 = Debug|Any CPU
		{6F5B5439-D3AE-4456-B5D1-6F17230706E4}.Debug|x64.ActiveCfg = Debug|Any CPU
		{6F5B5439-D3AE-4456-B5D1-6F17230706E4}.Debug|x64.Build.0 = Debug|Any CPU
		{6F5B5439-D3AE-4456-B5D1-6F17230706E4}.Debug|x86.ActiveCfg = Debug|Any CPU
		{6F5B5439-D3AE-4456-B5D1-6F17230706E4}.Debug|x86.Build.0 = Debug|Any CPU
		{6F5B5439-D3AE-4456-B5D1-6F17230706E4}.Release|Any CPU.ActiveCfg = Release|Any CPU
		{6F5B5439-D3AE-4456-B5D1-6F17230706E4}.Release|Any CPU.Build.0 = Release|Any CPU
		{6F5B5439-D3AE-4456-B5D1-6F17230706E4}.Release|ARM.ActiveCfg = Release|Any CPU
		{6F5B5439-D3AE-4456-B5D1-6F17230706E4}.Release|ARM.Build.0 = Release|Any CPU
		{6F5B5439-D3AE-4456-B5D1-6F17230706E4}.Release|ARM64.ActiveCfg = Release|Any CPU
		{6F5B5439-D3AE-4456-B5D1-6F17230706E4}.Release|ARM64.Build.0 = Release|Any CPU
		{6F5B5439-D3AE-4456-B5D1-6F17230706E4}.Release|iPhone.ActiveCfg = Release|Any CPU
		{6F5B5439-D3AE-4456-B5D1-6F17230706E4}.Release|iPhone.Build.0 = Release|Any CPU
		{6F5B5439-D3AE-4456-B5D1-6F17230706E4}.Release|iPhoneSimulator.ActiveCfg = Release|Any CPU
		{6F5B5439-D3AE-4456-B5D1-6F17230706E4}.Release|iPhoneSimulator.Build.0 = Release|Any CPU
		{6F5B5439-D3AE-4456-B5D1-6F17230706E4}.Release|x64.ActiveCfg = Release|Any CPU
		{6F5B5439-D3AE-4456-B5D1-6F17230706E4}.Release|x64.Build.0 = Release|Any CPU
		{6F5B5439-D3AE-4456-B5D1-6F17230706E4}.Release|x86.ActiveCfg = Release|Any CPU
		{6F5B5439-D3AE-4456-B5D1-6F17230706E4}.Release|x86.Build.0 = Release|Any CPU
		{1015AA6E-6277-40D6-8A17-3092F368DC0C}.Debug|Any CPU.ActiveCfg = Debug|Any CPU
		{1015AA6E-6277-40D6-8A17-3092F368DC0C}.Debug|Any CPU.Build.0 = Debug|Any CPU
		{1015AA6E-6277-40D6-8A17-3092F368DC0C}.Debug|ARM.ActiveCfg = Debug|Any CPU
		{1015AA6E-6277-40D6-8A17-3092F368DC0C}.Debug|ARM.Build.0 = Debug|Any CPU
		{1015AA6E-6277-40D6-8A17-3092F368DC0C}.Debug|ARM64.ActiveCfg = Debug|Any CPU
		{1015AA6E-6277-40D6-8A17-3092F368DC0C}.Debug|ARM64.Build.0 = Debug|Any CPU
		{1015AA6E-6277-40D6-8A17-3092F368DC0C}.Debug|iPhone.ActiveCfg = Debug|Any CPU
		{1015AA6E-6277-40D6-8A17-3092F368DC0C}.Debug|iPhone.Build.0 = Debug|Any CPU
		{1015AA6E-6277-40D6-8A17-3092F368DC0C}.Debug|iPhoneSimulator.ActiveCfg = Debug|Any CPU
		{1015AA6E-6277-40D6-8A17-3092F368DC0C}.Debug|iPhoneSimulator.Build.0 = Debug|Any CPU
		{1015AA6E-6277-40D6-8A17-3092F368DC0C}.Debug|x64.ActiveCfg = Debug|Any CPU
		{1015AA6E-6277-40D6-8A17-3092F368DC0C}.Debug|x64.Build.0 = Debug|Any CPU
		{1015AA6E-6277-40D6-8A17-3092F368DC0C}.Debug|x86.ActiveCfg = Debug|Any CPU
		{1015AA6E-6277-40D6-8A17-3092F368DC0C}.Debug|x86.Build.0 = Debug|Any CPU
		{1015AA6E-6277-40D6-8A17-3092F368DC0C}.Release|Any CPU.ActiveCfg = Release|Any CPU
		{1015AA6E-6277-40D6-8A17-3092F368DC0C}.Release|Any CPU.Build.0 = Release|Any CPU
		{1015AA6E-6277-40D6-8A17-3092F368DC0C}.Release|ARM.ActiveCfg = Release|Any CPU
		{1015AA6E-6277-40D6-8A17-3092F368DC0C}.Release|ARM.Build.0 = Release|Any CPU
		{1015AA6E-6277-40D6-8A17-3092F368DC0C}.Release|ARM64.ActiveCfg = Release|Any CPU
		{1015AA6E-6277-40D6-8A17-3092F368DC0C}.Release|ARM64.Build.0 = Release|Any CPU
		{1015AA6E-6277-40D6-8A17-3092F368DC0C}.Release|iPhone.ActiveCfg = Release|Any CPU
		{1015AA6E-6277-40D6-8A17-3092F368DC0C}.Release|iPhone.Build.0 = Release|Any CPU
		{1015AA6E-6277-40D6-8A17-3092F368DC0C}.Release|iPhoneSimulator.ActiveCfg = Release|Any CPU
		{1015AA6E-6277-40D6-8A17-3092F368DC0C}.Release|iPhoneSimulator.Build.0 = Release|Any CPU
		{1015AA6E-6277-40D6-8A17-3092F368DC0C}.Release|x64.ActiveCfg = Release|Any CPU
		{1015AA6E-6277-40D6-8A17-3092F368DC0C}.Release|x64.Build.0 = Release|Any CPU
		{1015AA6E-6277-40D6-8A17-3092F368DC0C}.Release|x86.ActiveCfg = Release|Any CPU
		{1015AA6E-6277-40D6-8A17-3092F368DC0C}.Release|x86.Build.0 = Release|Any CPU
	EndGlobalSection
	GlobalSection(SolutionProperties) = preSolution
		HideSolutionNode = FALSE
	EndGlobalSection
	GlobalSection(NestedProjects) = preSolution
		{763E0B79-BC83-4491-A69B-66126F574685} = {2FE7B53C-7BB7-4ABC-8070-3EB9C5B63F26}
		{F6449184-CB8E-4178-96E7-EFB3B183712D} = {2FE7B53C-7BB7-4ABC-8070-3EB9C5B63F26}
		{9A4C3AC5-C672-422C-85EA-6F4DD26B891D} = {2FE7B53C-7BB7-4ABC-8070-3EB9C5B63F26}
		{C8E89B69-9154-4ED1-9BD3-F55D028735AD} = {2FE7B53C-7BB7-4ABC-8070-3EB9C5B63F26}
		{7C117F7E-965B-418C-B465-FFC1D288E35C} = {52E0E1FA-1DED-4081-BFFB-86414D41C273}
		{530E21BA-A725-4714-8678-74CCA5CDBB38} = {52E0E1FA-1DED-4081-BFFB-86414D41C273}
		{68B96681-EF89-4F47-96C9-65AA37883C0A} = {52E0E1FA-1DED-4081-BFFB-86414D41C273}
		{300BC454-4BBB-4D76-92A9-828A2EB4C23D} = {E451037F-3343-4BE9-9B38-E5262EB21A7E}
		{0692A4E7-F045-4392-8823-FC644890E562} = {E451037F-3343-4BE9-9B38-E5262EB21A7E}
		{6F5B5439-D3AE-4456-B5D1-6F17230706E4} = {2FE7B53C-7BB7-4ABC-8070-3EB9C5B63F26}
		{3C4E7A31-C4DD-4829-98F8-7CD82C8F9357} = {2FE7B53C-7BB7-4ABC-8070-3EB9C5B63F26}
		{1015AA6E-6277-40D6-8A17-3092F368DC0C} = {52E0E1FA-1DED-4081-BFFB-86414D41C273}
	EndGlobalSection
	GlobalSection(ExtensibilityGlobals) = postSolution
		SolutionGuid = {B10CCC82-8CE4-41F9-AE1F-78488F403E07}
	EndGlobalSection
EndGlobal
